
Microsoft Visual Studio Solution File, Format Version 12.00
# Visual Studio Version 16
VisualStudioVersion = 16.0.30320.27
MinimumVisualStudioVersion = 10.0.40219.1
Project("{9A19103F-16F7-4668-BE54-9A1E7A4F7556}") = "Task1", "Task1\Task1.csproj", "{1DACC2E1-8F6A-45D2-A865-C7946A4AA553}"
EndProject
Project("{FAE04EC0-301F-11D3-BF4B-00C04F79EFBC}") = "Task2", "Task2\Task2.csproj", "{20401E75-6F73-41D8-937B-475A5CCDFF47}"
EndProject
Global
	GlobalSection(SolutionConfigurationPlatforms) = preSolution
		Debug|Any CPU = Debug|Any CPU
		Release|Any CPU = Release|Any CPU
	EndGlobalSection
	GlobalSection(ProjectConfigurationPlatforms) = postSolution
		{1DACC2E1-8F6A-45D2-A865-C7946A4AA553}.Debug|Any CPU.ActiveCfg = Debug|Any CPU
		{1DACC2E1-8F6A-45D2-A865-C7946A4AA553}.Debug|Any CPU.Build.0 = Debug|Any CPU
		{1DACC2E1-8F6A-45D2-A865-C7946A4AA553}.Release|Any CPU.ActiveCfg = Release|Any CPU
		{1DACC2E1-8F6A-45D2-A865-C7946A4AA553}.Release|Any CPU.Build.0 = Release|Any CPU
		{20401E75-6F73-41D8-937B-475A5CCDFF47}.Debug|Any CPU.ActiveCfg = Debug|Any CPU
		{20401E75-6F73-41D8-937B-475A5CCDFF47}.Debug|Any CPU.Build.0 = Debug|Any CPU
		{20401E75-6F73-41D8-937B-475A5CCDFF47}.Release|Any CPU.ActiveCfg = Release|Any CPU
		{20401E75-6F73-41D8-937B-475A5CCDFF47}.Release|Any CPU.Build.0 = Release|Any CPU
	EndGlobalSection
	GlobalSection(SolutionProperties) = preSolution
		HideSolutionNode = FALSE
	EndGlobalSection
	GlobalSection(ExtensibilityGlobals) = postSolution
		SolutionGuid = {D8194FA0-D739-4320-9704-A214E60D7E2B}
	EndGlobalSection
EndGlobal
